
Microsoft Visual Studio Solution File, Format Version 12.00
# Visual Studio Version 16
VisualStudioVersion = 16.0.30128.74
MinimumVisualStudioVersion = 10.0.40219.1
Project("{2150E333-8FDC-42A3-9474-1A3956D46DE8}") = "src", "src", "{526497C2-3E8A-465C-9AD1-50D2A954C0C4}"
EndProject
Project("{2150E333-8FDC-42A3-9474-1A3956D46DE8}") = "Core", "Core", "{AC7B271C-A721-4878-B8A0-AEA75DD83841}"
EndProject
Project("{2150E333-8FDC-42A3-9474-1A3956D46DE8}") = "Services", "Services", "{52FD3F23-3DB4-4BB2-AA0F-D3C8D40AAEF9}"
EndProject
Project("{2150E333-8FDC-42A3-9474-1A3956D46DE8}") = "Cocktails", "Cocktails", "{8D62626D-289E-4517-AE06-39A08A9F4BE3}"
EndProject
Project("{FAE04EC0-301F-11D3-BF4B-00C04F79EFBC}") = "Cocktails.API", "src\Services\Cocktails\Cocktails.API\Cocktails.API.csproj", "{45BA0CAD-2FCA-41F9-867B-DE202C66F16F}"
EndProject
Global
	GlobalSection(SolutionConfigurationPlatforms) = preSolution
		Debug|Any CPU = Debug|Any CPU
		Release|Any CPU = Release|Any CPU
	EndGlobalSection
	GlobalSection(ProjectConfigurationPlatforms) = postSolution
		{45BA0CAD-2FCA-41F9-867B-DE202C66F16F}.Debug|Any CPU.ActiveCfg = Debug|Any CPU
		{45BA0CAD-2FCA-41F9-867B-DE202C66F16F}.Debug|Any CPU.Build.0 = Debug|Any CPU
		{45BA0CAD-2FCA-41F9-867B-DE202C66F16F}.Release|Any CPU.ActiveCfg = Release|Any CPU
		{45BA0CAD-2FCA-41F9-867B-DE202C66F16F}.Release|Any CPU.Build.0 = Release|Any CPU
	EndGlobalSection
	GlobalSection(SolutionProperties) = preSolution
		HideSolutionNode = FALSE
	EndGlobalSection
	GlobalSection(NestedProjects) = preSolution
		{AC7B271C-A721-4878-B8A0-AEA75DD83841} = {526497C2-3E8A-465C-9AD1-50D2A954C0C4}
		{52FD3F23-3DB4-4BB2-AA0F-D3C8D40AAEF9} = {526497C2-3E8A-465C-9AD1-50D2A954C0C4}
		{8D62626D-289E-4517-AE06-39A08A9F4BE3} = {52FD3F23-3DB4-4BB2-AA0F-D3C8D40AAEF9}
		{45BA0CAD-2FCA-41F9-867B-DE202C66F16F} = {8D62626D-289E-4517-AE06-39A08A9F4BE3}
	EndGlobalSection
	GlobalSection(ExtensibilityGlobals) = postSolution
		SolutionGuid = {01422F87-F5D6-4967-8906-0484825638AF}
	EndGlobalSection
EndGlobal
